
Microsoft Visual Studio Solution File, Format Version 12.00
# Visual Studio Version 16
VisualStudioVersion = 16.0.30503.244
MinimumVisualStudioVersion = 10.0.40219.1
Project("{FAE04EC0-301F-11D3-BF4B-00C04F79EFBC}") = "ConsoleApp2", "ConsoleApp2.csproj", "{EE5EA3D6-06A5-4774-9F0C-4B32457399FE}"
EndProject
Project("{FAE04EC0-301F-11D3-BF4B-00C04F79EFBC}") = "ConsoleApp2Tests", "..\ConsoleApp2Tests\ConsoleApp2Tests.csproj", "{FBF3EADC-0D24-4AB0-96B6-7E0077D97665}"
EndProject
Global
	GlobalSection(SolutionConfigurationPlatforms) = preSolution
		Debug|Any CPU = Debug|Any CPU
		Release|Any CPU = Release|Any CPU
	EndGlobalSection
	GlobalSection(ProjectConfigurationPlatforms) = postSolution
		{EE5EA3D6-06A5-4774-9F0C-4B32457399FE}.Debug|Any CPU.ActiveCfg = Debug|Any CPU
		{EE5EA3D6-06A5-4774-9F0C-4B32457399FE}.Debug|Any CPU.Build.0 = Debug|Any CPU
		{EE5EA3D6-06A5-4774-9F0C-4B32457399FE}.Release|Any CPU.ActiveCfg = Release|Any CPU
		{EE5EA3D6-06A5-4774-9F0C-4B32457399FE}.Release|Any CPU.Build.0 = Release|Any CPU
		{FBF3EADC-0D24-4AB0-96B6-7E0077D97665}.Debug|Any CPU.ActiveCfg = Debug|Any CPU
		{FBF3EADC-0D24-4AB0-96B6-7E0077D97665}.Debug|Any CPU.Build.0 = Debug|Any CPU
		{FBF3EADC-0D24-4AB0-96B6-7E0077D97665}.Release|Any CPU.ActiveCfg = Release|Any CPU
		{FBF3EADC-0D24-4AB0-96B6-7E0077D97665}.Release|Any CPU.Build.0 = Release|Any CPU
	EndGlobalSection
	GlobalSection(SolutionProperties) = preSolution
		HideSolutionNode = FALSE
	EndGlobalSection
	GlobalSection(ExtensibilityGlobals) = postSolution
		SolutionGuid = {81ED18F7-539F-4CED-9352-7F8F02660213}
	EndGlobalSection
EndGlobal
